
Microsoft Visual Studio Solution File, Format Version 12.00
# Visual Studio 2013
VisualStudioVersion = 12.0.40629.0
MinimumVisualStudioVersion = 10.0.40219.1
Project("{FAE04EC0-301F-11D3-BF4B-00C04F79EFBC}") = "JQuery", "JQuery\JQuery.csproj", "{EA7FE8F8-1136-426C-87A4-A8ED9718FB6A}"
EndProject
Global
	GlobalSection(SolutionConfigurationPlatforms) = preSolution
		Debug|Any CPU = Debug|Any CPU
		Release|Any CPU = Release|Any CPU
	EndGlobalSection
	GlobalSection(ProjectConfigurationPlatforms) = postSolution
		{EA7FE8F8-1136-426C-87A4-A8ED9718FB6A}.Debug|Any CPU.ActiveCfg = Debug|Any CPU
		{EA7FE8F8-1136-426C-87A4-A8ED9718FB6A}.Debug|Any CPU.Build.0 = Debug|Any CPU
		{EA7FE8F8-1136-426C-87A4-A8ED9718FB6A}.Release|Any CPU.ActiveCfg = Release|Any CPU
		{EA7FE8F8-1136-426C-87A4-A8ED9718FB6A}.Release|Any CPU.Build.0 = Release|Any CPU
	EndGlobalSection
	GlobalSection(SolutionProperties) = preSolution
		HideSolutionNode = FALSE
	EndGlobalSection
EndGlobal
